
Microsoft Visual Studio Solution File, Format Version 12.00
# Visual Studio Version 17
VisualStudioVersion = 17.10.35027.167
MinimumVisualStudioVersion = 10.0.40219.1
Project("{FAE04EC0-301F-11D3-BF4B-00C04F79EFBC}") = "pp2", "pp2\pp2.csproj", "{19C69E48-90F0-48FA-AFBF-EED2937D2286}"
EndProject
Global
	GlobalSection(SolutionConfigurationPlatforms) = preSolution
		Debug|Any CPU = Debug|Any CPU
		Release|Any CPU = Release|Any CPU
	EndGlobalSection
	GlobalSection(ProjectConfigurationPlatforms) = postSolution
		{19C69E48-90F0-48FA-AFBF-EED2937D2286}.Debug|Any CPU.ActiveCfg = Debug|Any CPU
		{19C69E48-90F0-48FA-AFBF-EED2937D2286}.Debug|Any CPU.Build.0 = Debug|Any CPU
		{19C69E48-90F0-48FA-AFBF-EED2937D2286}.Release|Any CPU.ActiveCfg = Release|Any CPU
		{19C69E48-90F0-48FA-AFBF-EED2937D2286}.Release|Any CPU.Build.0 = Release|Any CPU
	EndGlobalSection
	GlobalSection(SolutionProperties) = preSolution
		HideSolutionNode = FALSE
	EndGlobalSection
	GlobalSection(ExtensibilityGlobals) = postSolution
		SolutionGuid = {FF00779C-40EA-464A-92D2-14B73AC29AAB}
	EndGlobalSection
EndGlobal
